
Microsoft Visual Studio Solution File, Format Version 12.00
# Visual Studio 15
VisualStudioVersion = 15.0.28307.102
MinimumVisualStudioVersion = 10.0.40219.1
Project("{FAE04EC0-301F-11D3-BF4B-00C04F79EFBC}") = "splitData", "splitData\splitData.csproj", "{58A23BD5-9B81-48EB-A5EF-3325EF0C9F36}"
EndProject
Global
	GlobalSection(SolutionConfigurationPlatforms) = preSolution
		Debug|Any CPU = Debug|Any CPU
		Release|Any CPU = Release|Any CPU
	EndGlobalSection
	GlobalSection(ProjectConfigurationPlatforms) = postSolution
		{58A23BD5-9B81-48EB-A5EF-3325EF0C9F36}.Debug|Any CPU.ActiveCfg = Debug|Any CPU
		{58A23BD5-9B81-48EB-A5EF-3325EF0C9F36}.Debug|Any CPU.Build.0 = Debug|Any CPU
		{58A23BD5-9B81-48EB-A5EF-3325EF0C9F36}.Release|Any CPU.ActiveCfg = Release|Any CPU
		{58A23BD5-9B81-48EB-A5EF-3325EF0C9F36}.Release|Any CPU.Build.0 = Release|Any CPU
	EndGlobalSection
	GlobalSection(SolutionProperties) = preSolution
		HideSolutionNode = FALSE
	EndGlobalSection
	GlobalSection(ExtensibilityGlobals) = postSolution
		SolutionGuid = {DB32E2E5-E6C9-4693-97FB-A2A695418CB0}
	EndGlobalSection
EndGlobal
